
Microsoft Visual Studio Solution File, Format Version 12.00
# Visual Studio Version 16
VisualStudioVersion = 16.0.32228.343
MinimumVisualStudioVersion = 10.0.40219.1
Project("{FAE04EC0-301F-11D3-BF4B-00C04F79EFBC}") = "Oopsdemos", "Oopsdemos\Oopsdemos.csproj", "{3F93628E-5E54-4142-8FCB-8C71777FC854}"
EndProject
Global
	GlobalSection(SolutionConfigurationPlatforms) = preSolution
		Debug|Any CPU = Debug|Any CPU
		Release|Any CPU = Release|Any CPU
	EndGlobalSection
	GlobalSection(ProjectConfigurationPlatforms) = postSolution
		{3F93628E-5E54-4142-8FCB-8C71777FC854}.Debug|Any CPU.ActiveCfg = Debug|Any CPU
		{3F93628E-5E54-4142-8FCB-8C71777FC854}.Debug|Any CPU.Build.0 = Debug|Any CPU
		{3F93628E-5E54-4142-8FCB-8C71777FC854}.Release|Any CPU.ActiveCfg = Release|Any CPU
		{3F93628E-5E54-4142-8FCB-8C71777FC854}.Release|Any CPU.Build.0 = Release|Any CPU
	EndGlobalSection
	GlobalSection(SolutionProperties) = preSolution
		HideSolutionNode = FALSE
	EndGlobalSection
	GlobalSection(ExtensibilityGlobals) = postSolution
		SolutionGuid = {E210A59A-5571-42FF-AF9B-BE81590F05F1}
	EndGlobalSection
EndGlobal
